
Microsoft Visual Studio Solution File, Format Version 12.00
# Visual Studio Version 17
VisualStudioVersion = 17.5.001.0
MinimumVisualStudioVersion = 10.0.40219.1
Project("{9A19103F-16F7-4668-BE54-9A1E7A4F7556}") = "NameSorter", "NameSorter.csproj", "{CECD8BC4-DBEA-4D1C-9A89-92193C18953C}"
EndProject
Global
	GlobalSection(SolutionConfigurationPlatforms) = preSolution
		Debug|Any CPU = Debug|Any CPU
		Release|Any CPU = Release|Any CPU
	EndGlobalSection
	GlobalSection(ProjectConfigurationPlatforms) = postSolution
		{CECD8BC4-DBEA-4D1C-9A89-92193C18953C}.Debug|Any CPU.ActiveCfg = Debug|Any CPU
		{CECD8BC4-DBEA-4D1C-9A89-92193C18953C}.Debug|Any CPU.Build.0 = Debug|Any CPU
		{CECD8BC4-DBEA-4D1C-9A89-92193C18953C}.Release|Any CPU.ActiveCfg = Release|Any CPU
		{CECD8BC4-DBEA-4D1C-9A89-92193C18953C}.Release|Any CPU.Build.0 = Release|Any CPU
	EndGlobalSection
	GlobalSection(SolutionProperties) = preSolution
		HideSolutionNode = FALSE
	EndGlobalSection
	GlobalSection(ExtensibilityGlobals) = postSolution
		SolutionGuid = {226A18A5-299E-4AA1-A923-589AD1DA47FF}
	EndGlobalSection
EndGlobal
